dario.cat/mergo v1.0.0 h1:AGCNq9Evsj31mOgNPcLyXc+4PNABt905YmuqPYYpBWk=
dario.cat/mergo v1.0.0/go.mod h1:uNxQE+84aUszobStD9th8a29P2fMDhsBdgRYvZOxGmk=
github.com/Microsoft/go-winio v0.5.2/go.mod h1:WpS1mjBmmwHBEWmogvA2mj8546UReBk4v8QkMxJ6pZY=
github.com/Microsoft/go-winio v0.6.1 h1:9/kr64B9VUZrLm5YYwbGtUJnMgqWVOdUAXu6Migciow=
github.com/Microsoft/go-winio v0.6.1/go.mod h1:LRdKpFKfdobln8UmuiYcKPot9D2v6svN5+sAH+4kjUM=
github.com/ProtonMail/go-crypto v1.0.0 h1:LRuvITjQWX+WIfr930YHG2HNfjR1uOfyf5vE0kC2U78=
github.com/ProtonMail/go-crypto v1.0.0/go.mod h1:EjAoLdwvbIOoOQr3ihjnSoLZRtE8azugULFRteWMNc0=
github.com/PuerkitoBio/goquery v1.9.1 h1:mTL6XjbJTZdpfL+Gwl5U2h1l9yEkJjhmlTeV9VPW7UI=
github.com/PuerkitoBio/goquery v1.9.1/go.mod h1:cW1n6TmIMDoORQU5IU/P1T3tGFunOeXEpGP2WHRwkbY=
github.com/alecthomas/assert/v2 v2.6.0 h1:o3WJwILtexrEUk3cUVal3oiQY2tfgr/FHWiz/v2n4FU=
github.com/alecthomas/assert/v2 v2.6.0/go.mod h1:Bze95FyfUr7x34QZrjL+XP+0qgp/zg8yS+TtBj1WA3k=
github.com/alecthomas/chroma/v2 v2.2.0/go.mod h1:vf4zrexSH54oEjJ7EdB65tGNHmH3pGZmVkgTP5RHvAs=
github.com/alecthomas/chroma/v2 v2.13.0 h1:VP72+99Fb2zEcYM0MeaWJmV+xQvz5v5cxRHd+ooU1lI=
github.com/alecthomas/chroma/v2 v2.13.0/go.mod h1:BUGjjsD+ndS6eX37YgTchSEG+Jg9Jv1GiZs9sqPqztk=
github.com/alecthomas/repr v0.0.0-20220113201626-b1b626ac65ae/go.mod h1:2kn6fqh/zIyPLmm3ugklbEi5hg5wS435eygvNfaDQL8=
github.com/alecthomas/repr v0.4.0 h1:GhI2A8MACjfegCPVq9f1FLvIBS+DrQ2KQBFZP1iFzXc=
github.com/alecthomas/repr v0.4.0/go.mod h1:Fr0507jx4eOXV7AlPV6AVZLYrLIuIeSOWtW57eE/O/4=
github.com/andybalholm/cascadia v1.3.1/go.mod h1:R4bJ1UQfqADjvDa4P6HZHLh/3OxWWEqc0Sk8XGwHqvA=
github.com/andybalholm/cascadia v1.3.2 h1:3Xi6Dw5lHF15JtdcmAHD3i1+T8plmv7BQ/nsViSLyss=
github.com/andybalholm/cascadia v1.3.2/go.mod h1:7gtRlve5FxPPgIgX36uWBX58OdBsSS6lUvCFb+h7KvU=
github.com/anmitsu/go-shlex v0.0.0-20200514113438-38f4b401e2be h1:9AeTilPcZAjCFIImctFaOjnTIavg87rW78vTPkQqLI8=
github.com/anmitsu/go-shlex v0.0.0-20200514113438-38f4b401e2be/go.mod h1:ySMOLuWl6zY27l47sB3qLNK6tF2fkHG55UZxx8oIVo4=
github.com/armon/go-socks5 v0.0.0-20160902184237-e75332964ef5 h1:0CwZNZbxp69SHPdPJAN/hZIm0C4OItdklCFmMRWYpio=
github.com/armon/go-socks5 v0.0.0-20160902184237-e75332964ef5/go.mod h1:wHh0iHkYZB8zMSxRWpUBQtwG5a7fFgvEO+odwuTv2gs=
github.com/aws/aws-sdk-go v1.42.9/go.mod h1:585smgzpB/KqRA+K3y/NL/oYRqQvpNJYvLm+LY1U59Q=
github.com/aws/aws-sdk-go v1.51.16 h1:vnWKK8KjbftEkuPX8bRj3WHsLy1uhotn0eXptpvrxJI=
github.com/aws/aws-sdk-go v1.51.16/go.mod h1:LF8svs817+Nz+DmiMQKTO3ubZ/6IaTpq3TjupRn3Eqk=
github.com/aymerick/douceur v0.2.0 h1:Mv+mAeH1Q+n9Fr+oyamOlAkUNPWPlA8PPGR0QAaYuPk=
github.com/aymerick/douceur v0.2.0/go.mod h1:wlT5vV2O3h55X9m7iVYN0TBM0NH/MmbLnd30/FjWUq4=
github.com/benpate/color v0.0.0-20240409003552-c14fa5d98466 h1:phTpHqCbZE9QC4G5SPQozhhRRZYgkF65p2HR+N5NsW8=
github.com/benpate/color v0.0.0-20240409003552-c14fa5d98466/go.mod h1:Km/PvPrT0Y68RQ8mtwJqbyPF63ANyJx/gXJNu3YuraA=
github.com/benpate/data v0.28.4 h1:tVQXgwSwR07XCUEl69ciuPXlnauINKm9htLw4t4I9WQ=
github.com/benpate/data v0.28.4/go.mod h1:ZAggBef7wHo8UdbBeloaLayxePpVDR3nQwuyd3Y0iCM=
github.com/benpate/data-mock v0.28.10 h1:npc74q4+9+2hoOHQ1pmPm/H/D49xF6xopu8AxJxbZRw=
github.com/benpate/data-mock v0.28.10/go.mod h1:vizHolZmPOgJDPRotEyn0eTxQu7ATadauQ664OPD7Sg=
github.com/benpate/data-mongo v0.28.9 h1:KBV+aGKV4JUrx0pdXYTVDMAncMisbMQbHN5Sa/1kJIg=
github.com/benpate/data-mongo v0.28.9/go.mod h1:v/HWTXPyae6Y5vlVIK1zxQMqVS6Pz4o1hwluTaQwZUY=
github.com/benpate/derp v0.31.0 h1:Vo3oQrD+eDLY/FQ4W3HUtV1Et7lkm8OEF6rJQlSd6xg=
github.com/benpate/derp v0.31.0/go.mod h1:y+PJWv5VOBOnd1y4CGk/c7xVS0Pwxg9BGQE5r/SGc8w=
github.com/benpate/digit v0.12.0 h1:dYqPKgHhTCvddaI91v/8cvhRTDHxRT2ldZ+OdDcub/I=
github.com/benpate/digit v0.12.0/go.mod h1:YK9UZljGMC4ZQPFqz95aJgrS99kkVxcghKou7CurhXs=
github.com/benpate/domain v0.2.1 h1:OGjmZk64KKAuzv2BwBwVkrFjO3Cv/iu0L41+AIydLps=
github.com/benpate/domain v0.2.1/go.mod h1:Of+W1qgA1fCumChsKVwleSotq1wtSefo15hNvOucMBQ=
github.com/benpate/exiffix v0.1.0 h1:FuOHckriacy6vv8yhay8S/2lEJ0D9o2N48Bn5MrI9Yk=
github.com/benpate/exiffix v0.1.0/go.mod h1:fVnmOVstYND82C0v7Ullz884kxmU1/BenB7l+zzQuZA=
github.com/benpate/exp v0.8.3 h1:rxlXtdLxc+XU5ySoAFEt7YKOjhOE7YRMz15YUePBLJk=
github.com/benpate/exp v0.8.3/go.mod h1:VWDkZ1uM4HyXJVi+NDA1QvVklsgFE7T9L5lCeZBento=
github.com/benpate/exp-builder v0.8.0 h1:v9w1W9/Gy/ketsIJ2WLblGTCPxz5/4LeZ27GMzjz1rU=
github.com/benpate/exp-builder v0.8.0/go.mod h1:OkHSOlcpvM10oy0kd2ON2TShggjXyYpEElLqRsyLHag=
github.com/benpate/form v0.20.1 h1:3kHW4UlccL3HOXheKMpE6uheYrAXOlKs9F0YAo3Izt4=
github.com/benpate/form v0.20.1/go.mod h1:YHZpxLjwlpKkF8kbaup1a4fut4Ti71Db54La4Hm8TQ8=
github.com/benpate/hannibal v0.10.0 h1:oS2rHBwH+Ob8083Ew9ZC7H1vK8WZcUjELDUKfE2JvyU=
github.com/benpate/hannibal v0.10.0/go.mod h1:/jmRUOf3bzUhk7MHEz6yBOigTu4ItbDUNegR7yFM9F0=
github.com/benpate/html v0.16.5 h1:cIUlf5rhWesgltrEYXCxdWYVfrlYAtSNmV9Ak/lZv/c=
github.com/benpate/html v0.16.5/go.mod h1:9QmC5wd7po95c4ZgmhQYKeIOPlwB6M6Gt4WFH3nDSN0=
github.com/benpate/icon v0.4.0 h1:HWOMaYwxPsLb3OPX02+j05FwCq376rcAfeGG1kfDXyc=
github.com/benpate/icon v0.4.0/go.mod h1:JL7rWluHtCL11byJ/5mfJdpql/Wx8w0A+gXge83MmA4=
github.com/benpate/mediaserver v0.10.16 h1:oSbGnr8u0Fc9Wxd2Ypxqk32eZhJJO6rrNEgL2FGoZ54=
github.com/benpate/mediaserver v0.10.16/go.mod h1:RoHveAvOttNwH8pUJEykIwtMqDv0PVaA+34j9HhWnuE=
github.com/benpate/re v0.2.3 h1:YMT9ikxy4qIlPGBxqvohgwWlJihhw+h9PySwuMa/HRE=
github.com/benpate/re v0.2.3/go.mod h1:Yrox+eRp12o2JEeMbGuBADusr+eizhOk19JUILllKVw=
github.com/benpate/remote v0.15.0 h1:Ciwwg97BiyA+gVEsULC4I14TjZbwb9MJaiGV/JvNpZM=
github.com/benpate/remote v0.15.0/go.mod h1:/+Lv9DLp7QY83HyIdFg+nW9pnVAxmKQjwv5wTTRG1qA=
github.com/benpate/rosetta v0.20.0 h1:V1lIFcrpyeHUQAW5xe8EgvZ94q5OEE9LPCwIXVleEeU=
github.com/benpate/rosetta v0.20.0/go.mod h1:2fBUrF22amsYFiyKniTo/Q0N4lbEN7THkJSKxZDFBfE=
github.com/benpate/sherlock v0.7.1 h1:q9oHuqKHfh9TEk+KU2xBQ/IlwXKYKzVFndnU8p4urww=
github.com/benpate/sherlock v0.7.1/go.mod h1:md18HlqIoSex5+Bb22Xj6sGjUbW0bO3DDlxTxAe/j8Y=
github.com/benpate/steranko v0.17.0 h1://74gr0mycHnQHQ/d4QjJgIv1QnqoxZjaLLUbVH3xHM=
github.com/benpate/steranko v0.17.0/go.mod h1:UGSsjkbr0rITdX4Lp9QXKDgTjqZvMAXeO5Sepy1OH/4=
github.com/benpate/table v0.6.14 h1:b7ypverdo/8R3Gb1aKlHqhoCojakskWTHG+cU5dNuuo=
github.com/benpate/table v0.6.14/go.mod h1:GKtEgRmhfBGuMQPm53jkGLJ6RHUhWScQp71zcV7zcyg=
github.com/benpate/toot v0.3.0 h1:Nv64oUTJo9yNQnrWVdEQRIBWi/exvwOUYo4PBdjJg9w=
github.com/benpate/toot v0.3.0/go.mod h1:ihtqpjldJGzL0dd3S/g9dLE3HaO82P+f45kvfh1TXEc=
github.com/benpate/toot-echo v0.2.3 h1:F6MJM2BPK5U3mJonXEVG70vppmfIZiCYwRuwUIF35lg=
github.com/benpate/toot-echo v0.2.3/go.mod h1:u+95Zqk0KBqPCSMbZs53kbKxeFLPNinLgmHMdcY2R48=
github.com/bwesterb/go-ristretto v1.2.3/go.mod h1:fUIoIZaG73pV5biE2Blr2xEzDoMj7NFEuV9ekS419A0=
github.com/chai2010/webp v1.1.1 h1:jTRmEccAJ4MGrhFOrPMpNGIJ/eybIgwKpcACsrTEapk=
github.com/chai2010/webp v1.1.1/go.mod h1:0XVwvZWdjjdxpUEIf7b9g9VkHFnInUSYujwqTLEuldU=
github.com/cloudflare/circl v1.3.3/go.mod h1:5XYMA4rFBvNIrhs50XuiBJ15vF2pZn4nnUKZrLbUZFA=
github.com/cloudflare/circl v1.3.7 h1:qlCDlTPz2n9fu58M0Nh1J/JzcFpfgkFHHX3O35r5vcU=
github.com/cloudflare/circl v1.3.7/go.mod h1:sRTcRWXGLrKw6yIGJ+l7amYJFfAXbZG0kBSc8r4zxgA=
github.com/coreos/go-systemd/v22 v22.5.0/go.mod h1:Y58oyj3AT4RCenI/lSvhwexgC+NSVTIJ3seZv2GcEnc=
github.com/cyphar/filepath-securejoin v0.2.4 h1:Ugdm7cg7i6ZK6x3xDF1oEu1nfkyfH53EtKeQYTC3kyg=
github.com/cyphar/filepath-securejoin v0.2.4/go.mod h1:aPGpWjXOXUn2NCNjFvBE6aRxGGx79pTxQpKOJNYHHl4=
github.com/davecgh/go-spew v1.1.0/go.mod h1:J7Y8YcW2NihsgmVo/mv3lAwl/skON4iLHjSsI+c5H38=
github.com/davecgh/go-spew v1.1.1/go.mod h1:J7Y8YcW2NihsgmVo/mv3lAwl/skON4iLHjSsI+c5H38=
github.com/davecgh/go-spew v1.1.2-0.20180830191138-d8f796af33cc h1:U9qPSI2PIWSS1VwoXQT9A3Wy9MM3WgvqSxFWenqJduM=
github.com/davecgh/go-spew v1.1.2-0.20180830191138-d8f796af33cc/go.mod h1:J7Y8YcW2NihsgmVo/mv3lAwl/skON4iLHjSsI+c5H38=
github.com/davidscottmills/goeditorjs v1.0.0 h1:X8tMPjpWopWd8vPsZSxkPZqtjflh2LgNjc9xNwe3R7U=
github.com/davidscottmills/goeditorjs v1.0.0/go.mod h1:Th+tPJTsJLF6FmLzLeiZ/rSFxMca3b4lsvtLLVnaVl8=
github.com/disintegration/imaging v1.6.2 h1:w1LecBlG2Lnp8B3jk5zSuNqd7b4DXhcjwek1ei82L+c=
github.com/disintegration/imaging v1.6.2/go.mod h1:44/5580QXChDfwIclfc/PCwrr44amcmDAg8hxG0Ewe4=
github.com/dlclark/regexp2 v1.4.0/go.mod h1:2pZnwuY/m+8K6iRw6wQdMtk+rH5tNGR1i55kozfMjCc=
github.com/dlclark/regexp2 v1.7.0/go.mod h1:DHkYz0B9wPfa6wondMfaivmHpzrQ3v9q8cnmRbL6yW8=
github.com/dlclark/regexp2 v1.11.0 h1:G/nrcoOa7ZXlpoa/91N3X7mM3r8eIlMBBJZvsz/mxKI=
github.com/dlclark/regexp2 v1.11.0/go.mod h1:DHkYz0B9wPfa6wondMfaivmHpzrQ3v9q8cnmRbL6yW8=
github.com/dustin/go-humanize v1.0.1 h1:GzkhY7T5VNhEkwH0PVJgjz+fX1rhBrR7pRT3mDkpeCY=
github.com/dustin/go-humanize v1.0.1/go.mod h1:Mu1zIs6XwVuF/gI1OepvI0qD18qycQx+mFykh5fBlto=
github.com/dyatlov/go-opengraph/opengraph v0.0.0-20220524092352-606d7b1e5f8a h1:etIrTD8BQqzColk9nKRusM9um5+1q0iOEJLqfBMIK64=
github.com/dyatlov/go-opengraph/opengraph v0.0.0-20220524092352-606d7b1e5f8a/go.mod h1:emQhSYTXqB0xxjLITTw4EaWZ+8IIQYw+kx9GqNUKdLg=
github.com/elazarl/goproxy v0.0.0-20230808193330-2592e75ae04a h1:mATvB/9r/3gvcejNsXKSkQ6lcIaNec2nyfOdlTBR2lU=
github.com/elazarl/goproxy v0.0.0-20230808193330-2592e75ae04a/go.mod h1:Ro8st/ElPeALwNFlcTpWmkr6IoMFfkjXAvTHpevnDsM=
github.com/emirpasic/gods v1.18.1 h1:FXtiHYKDGKCW2KzwZKx0iC0PQmdlorYgdFG9jPXJ1Bc=
github.com/emirpasic/gods v1.18.1/go.mod h1:8tpGGwCnJ5H4r6BWwaV6OrWmMoPhUl5jm/FMNAnJvWQ=
github.com/fclairamb/afero-s3 v0.3.1 h1:JLxcl42wseOjKAdXfVkz7GoeyNRrvxkZ1jBshuDSDgA=
github.com/fclairamb/afero-s3 v0.3.1/go.mod h1:VZ/bvRox6Bq3U+vTGa12uyDu+5UJb40M7tpIXlByKkc=
github.com/fogleman/gg v1.3.0 h1:/7zJX8F6AaYQc57WQCyN9cAIz+4bCJGO9B+dyW29am8=
github.com/fogleman/gg v1.3.0/go.mod h1:R/bRT+9gY/C5z7JzPU0zXsXHKM4/ayA+zqcVNZzPa1k=
github.com/fsnotify/fsnotify v1.7.0 h1:8JEhPFa5W2WU7YfeZzPNqzMP6Lwt7L2715Ggo0nosvA=
github.com/fsnotify/fsnotify v1.7.0/go.mod h1:40Bi/Hjc2AVfZrqy+aj+yEI+/bRxZnMJyTJwOpGvigM=
github.com/gernest/mention v2.0.0+incompatible h1:pTXnujBC6tqlw5awDkLojq92TXbt0F+4+8FBlQC+di8=
github.com/gernest/mention v2.0.0+incompatible/go.mod h1:/z3Hb+4gaPF+vL8og/lj6Au5j8hh5EfU7/EknmDUuO4=
github.com/gliderlabs/ssh v0.3.7 h1:iV3Bqi942d9huXnzEF2Mt+CY9gLu8DNM4Obd+8bODRE=
github.com/gliderlabs/ssh v0.3.7/go.mod h1:zpHEXBstFnQYtGnB8k8kQLol82umzn/2/snG7alWVD8=
github.com/go-git/gcfg v1.5.1-0.20230307220236-3a3c6141e376 h1:+zs/tPmkDkHx3U66DAb0lQFJrpS6731Oaa12ikc+DiI=
github.com/go-git/gcfg v1.5.1-0.20230307220236-3a3c6141e376/go.mod h1:an3vInlBmSxCcxctByoQdvwPiA7DTK7jaaFDBTtu0ic=
github.com/go-git/go-billy/v5 v5.5.0 h1:yEY4yhzCDuMGSv83oGxiBotRzhwhNr8VZyphhiu+mTU=
github.com/go-git/go-billy/v5 v5.5.0/go.mod h1:hmexnoNsr2SJU1Ju67OaNz5ASJY3+sHgFRpCtpDCKow=
github.com/go-git/go-git-fixtures/v4 v4.3.2-0.20231010084843-55a94097c399 h1:eMje31YglSBqCdIqdhKBW8lokaMrL3uTkpGYlE2OOT4=
github.com/go-git/go-git-fixtures/v4 v4.3.2-0.20231010084843-55a94097c399/go.mod h1:1OCfN199q1Jm3HZlxleg+Dw/mwps2Wbk9frAWm+4FII=
github.com/go-git/go-git/v5 v5.12.0 h1:7Md+ndsjrzZxbddRDZjF14qK+NN56sy6wkqaVrjZtys=
github.com/go-git/go-git/v5 v5.12.0/go.mod h1:FTM9VKtnI2m65hNI/TenDDDnUf2Q9FHnXYjuz9i5OEY=
github.com/go-test/deep v1.1.0 h1:WOcxcdHcvdgThNXjw0t76K42FXTU7HpNQWHpA2HHNlg=
github.com/go-test/deep v1.1.0/go.mod h1:5C2ZWiW0ErCdrYzpqxLbTX7MG14M9iiw8DgHncVwcsE=
github.com/godbus/dbus/v5 v5.0.4/go.mod h1:xhWf0FNVPg57R7Z0UbKHbJfkEywrmjJnf7w5xrFpKfA=
github.com/golang-jwt/jwt v3.2.2+incompatible h1:IfV12K8xAKAnZqdXVzCZ+TOjboZ2keLg81eXfW3O+oY=
github.com/golang-jwt/jwt v3.2.2+incompatible/go.mod h1:8pz2t5EyA70fFQQSrl6XZXzqecmYZeUEB8OUGHkxJ+I=
github.com/golang-jwt/jwt/v5 v5.2.1 h1:OuVbFODueb089Lh128TAcimifWaLhJwVflnrgM17wHk=
github.com/golang-jwt/jwt/v5 v5.2.1/go.mod h1:pqrtFR0X4osieyHYxtmOUWsAWrfe1Q5UVIyoH402zdk=
github.com/golang/freetype v0.0.0-20170609003504-e2365dfdc4a0 h1:DACJavvAHhabrF08vX0COfcOBJRhZ8lUbR+ZWIs0Y5g=
github.com/golang/freetype v0.0.0-20170609003504-e2365dfdc4a0/go.mod h1:E/TSTwGwJL78qG/PmXZO1EjYhfJinVAhrmmHX6Z8B9k=
github.com/golang/groupcache v0.0.0-20210331224755-41bb18bfe9da h1:oI5xCqsCo564l8iNU+DwB5epxmsaqB+rhGL0m5jtYqE=
github.com/golang/groupcache v0.0.0-20210331224755-41bb18bfe9da/go.mod h1:cIg4eruTrX1D+g88fzRXU5OdNfaM+9IcxsU14FzY7Hc=
github.com/golang/snappy v0.0.4 h1:yAGX7huGHXlcLOEtBnF4w7FQwA26wojNCwOYAEhLjQM=
github.com/golang/snappy v0.0.4/go.mod h1:/XxbfmMg8lxefKM7IXC3fBNl/7bRcc72aCRzEWrmP2Q=
github.com/google/go-cmp v0.5.6/go.mod h1:v8dTdLbMG2kIc/vJvl+f65V22dbkXbowE6jgT/gNBxE=
github.com/google/go-cmp v0.6.0 h1:ofyhxvXcZhMsU5ulbFiLKl/XBFqE1GSq7atu8tAmTRI=
github.com/google/go-cmp v0.6.0/go.mod h1:17dUlkBOakJ0+DkrSSNjCkIjxS6bF9zb3elmeNGIjoY=
github.com/google/gofuzz v1.0.0/go.mod h1:dBl0BpW6vV/+mYPU4Po3pmUjxk6FQPldtuIdl/M65Eg=
github.com/gorilla/css v1.0.1 h1:ntNaBIghp6JmvWnxbZKANoLyuXTPZ4cAMlo6RyhlbO8=
github.com/gorilla/css v1.0.1/go.mod h1:BvnYkspnSzMmwRK+b8/xgNPLiIuNZr6vbZBTPQ2A3b0=
github.com/gorilla/feeds v1.1.2 h1:pxzZ5PD3RJdhFH2FsJJ4x6PqMqbgFk1+Vez4XWBW8Iw=
github.com/gorilla/feeds v1.1.2/go.mod h1:WMib8uJP3BbY+X8Szd1rA5Pzhdfh+HCCAYT2z7Fza6Y=
github.com/hairyhenderson/go-fsimpl v0.0.0-20240326174631-a2ef76d0ccbc h1:hnuw/jTLz7m3RoQ3EYUY4QoNsu8NGnQB9pVm+K28XNQ=
github.com/hairyhenderson/go-fsimpl v0.0.0-20240326174631-a2ef76d0ccbc/go.mod h1:tbPQr9pd2tcNFEz3FvcCjwshFGG8MCo1FBFCvkImhu4=
github.com/hexops/gotextdiff v1.0.3 h1:gitA9+qJrrTCsiCl7+kh75nPqQt1cx4ZkudSTLoUqJM=
github.com/hexops/gotextdiff v1.0.3/go.mod h1:pSWU5MAI3yDq+fZBTazCSJysOMbxWL1BSow5/V2vxeg=
github.com/hjson/hjson-go/v4 v4.4.0 h1:D/NPvqOCH6/eisTb5/ztuIS8GUvmpHaLOcNk1Bjr298=
github.com/hjson/hjson-go/v4 v4.4.0/go.mod h1:KaYt3bTw3zhBjYqnXkYywcYctk0A2nxeEFTse3rH13E=
github.com/jbenet/go-context v0.0.0-20150711004518-d14ea06fba99 h1:BQSFePA1RWJOlocH6Fxy8MmwDt+yVQYULKfN0RoTN8A=
github.com/jbenet/go-context v0.0.0-20150711004518-d14ea06fba99/go.mod h1:1lJo3i6rXxKeerYnT8Nvf0QmHCRC1n8sfWVwXF2Frvo=
github.com/jmespath/go-jmespath v0.4.0 h1:BEgLn5cpjn8UN1mAw4NjwDrS35OdebyEtFe+9YPoQUg=
github.com/jmespath/go-jmespath v0.4.0/go.mod h1:T8mJZnbsbmF+m6zOOFylbeCJqk5+pHWvzYPziyZiYoo=
github.com/jmespath/go-jmespath/internal/testify v1.5.1 h1:shLQSRRSCCPj3f2gpwzGwWFoC7ycTf1rcQZHOlsJ6N8=
github.com/jmespath/go-jmespath/internal/testify v1.5.1/go.mod h1:L3OGu8Wl2/fWfCI6z80xFu9LTZmf1ZRjMHUOPmWr69U=
github.com/json-iterator/go v1.1.12 h1:PV8peI4a0ysnczrg+LtxykD8LfKY9ML6u2jnxaEnrnM=
github.com/json-iterator/go v1.1.12/go.mod h1:e30LSqwooZae/UwlEbR2852Gd8hjQvJoHmT4TnhNGBo=
github.com/karlseguin/ccache/v3 v3.0.5 h1:hFX25+fxzNjsRlREYsoGNa2LoVEw5mPF8wkWq/UnevQ=
github.com/karlseguin/ccache/v3 v3.0.5/go.mod h1:qxC372+Qn+IBj8Pe3KvGjHPj0sWwEF7AeZVhsNPZ6uY=
github.com/kevinburke/ssh_config v1.2.0 h1:x584FjTGwHzMwvHx18PXxbBVzfnxogHaAReU4gf13a4=
github.com/kevinburke/ssh_config v1.2.0/go.mod h1:CT57kijsi8u/K/BOFA39wgDQJ9CxiF4nAY/ojJ6r6mM=
github.com/klauspost/compress v1.17.7 h1:ehO88t2UGzQK66LMdE8tibEd1ErmzZjNEqWkjLAKQQg=
github.com/klauspost/compress v1.17.7/go.mod h1:Di0epgTjJY877eYKx5yC51cX2A2Vl2ibi7bDH9ttBbw=
github.com/kr/fs v0.1.0/go.mod h1:FFnZGqtBN9Gxj7eW1uZ42v5BccTP0vu6NEaFoC2HwRg=
github.com/kr/jsonfeed v0.1.1 h1:QQ1x4M5pbB6Cv1yMvXJzIYA2EeahNWPLlWzBAfthvZU=
github.com/kr/jsonfeed v0.1.1/go.mod h1:5KY9wFVvmD69yWQZr2YcNMRjKL7K1TSidlyIvFAkZcc=
github.com/kr/pretty v0.1.0/go.mod h1:dAy3ld7l9f0ibDNOQOHHMYYIIbhfbHSm3C4ZsoJORNo=
github.com/kr/pretty v0.3.1 h1:flRD4NNwYAUpkphVc1HcthR4KEIFJ65n8Mw5qdRn3LE=
github.com/kr/pretty v0.3.1/go.mod h1:hoEshYVHaxMs3cyo3Yncou5ZscifuDolrwPKZanG3xk=
github.com/kr/pty v1.1.1/go.mod h1:pFQYn66WHrOpPYNljwOMqo10TkYh1fy3cYio2l3bCsQ=
github.com/kr/text v0.1.0/go.mod h1:4Jbv+DJW3UT/LiOwJeYQe1efqtUx/iVham/4vfdArNI=
github.com/kr/text v0.2.0 h1:5Nx0Ya0ZqY2ygV366QzturHI13Jq95ApcVaJBhpS+AY=
github.com/kr/text v0.2.0/go.mod h1:eLer722TekiGuMkidMxC/pM04lWEeraHUUmBw8l2grE=
github.com/kylelemons/godebug v1.1.0 h1:RPNrshWIDI6G2gRW9EHilWtl7Z6Sb1BR0xunSBf0SNc=
github.com/kylelemons/godebug v1.1.0/go.mod h1:9/0rRGxNHcop5bhtWyNeEfOS8JIWk580+fNqagV/RAw=
github.com/labstack/echo/v4 v4.11.4 h1:vDZmA+qNeh1pd/cCkEicDMrjtrnMGQ1QFI9gWN1zGq8=
github.com/labstack/echo/v4 v4.11.4/go.mod h1:noh7EvLwqDsmh/X/HWKPUl1AjzJrhyptRyEbQJfxen8=
github.com/labstack/gommon v0.4.2 h1:F8qTUNXgG1+6WQmqoUWnz8WiEU60mXVVw0P4ht1WRA0=
github.com/labstack/gommon v0.4.2/go.mod h1:QlUFxVM+SNXhDL/Z7YhocGIBYOiwB0mXm1+1bAPHPyU=
github.com/mattn/go-colorable v0.1.13 h1:fFA4WZxdEF4tXPZVKMLwD8oUnCTTo08duU7wxecdEvA=
github.com/mattn/go-colorable v0.1.13/go.mod h1:7S9/ev0klgBDR4GtXTXX8a3vIGJpMovkB8vQcUbaXHg=
github.com/mattn/go-isatty v0.0.16/go.mod h1:kYGgaQfpe5nmfYZH+SKPsOc2e4SrIfOl2e/yFXSvRLM=
github.com/mattn/go-isatty v0.0.19/go.mod h1:W+V8PltTTMOvKvAeJH7IuucS94S2C6jfK/D7dTCTo3Y=
github.com/mattn/go-isatty v0.0.20 h1:xfD0iDuEKnDkl03q4limB+vH+GxLEtL/jb4xVJSWWEY=
github.com/mattn/go-isatty v0.0.20/go.mod h1:W+V8PltTTMOvKvAeJH7IuucS94S2C6jfK/D7dTCTo3Y=
github.com/microcosm-cc/bluemonday v1.0.26 h1:xbqSvqzQMeEHCqMi64VAs4d8uy6Mequs3rQ0k/Khz58=
github.com/microcosm-cc/bluemonday v1.0.26/go.mod h1:JyzOCs9gkyQyjs+6h10UEVSe02CGwkhd72Xdqh78TWs=
github.com/mmcdole/gofeed v1.3.0 h1:5yn+HeqlcvjMeAI4gu6T+crm7d0anY85+M+v6fIFNG4=
github.com/mmcdole/gofeed v1.3.0/go.mod h1:9TGv2LcJhdXePDzxiuMnukhV2/zb6VtnZt1mS+SjkLE=
github.com/mmcdole/goxpp v1.1.1 h1:RGIX+D6iQRIunGHrKqnA2+700XMCnNv0bAOOv5MUhx8=
github.com/mmcdole/goxpp v1.1.1/go.mod h1:v+25+lT2ViuQ7mVxcncQ8ch1URund48oH+jhjiwEgS8=
github.com/modern-go/concurrent v0.0.0-20180228061459-e0a39a4cb421/go.mod h1:6dJC0mAP4ikYIbvyc7fijjWJddQyLn8Ig3JB5CqoB9Q=
github.com/modern-go/concurrent v0.0.0-20180306012644-bacd9c7ef1dd h1:TRLaZ9cD/w8PVh93nsPXa1VrQ6jlwL5oN8l14QlcNfg=
github.com/modern-go/concurrent v0.0.0-20180306012644-bacd9c7ef1dd/go.mod h1:6dJC0mAP4ikYIbvyc7fijjWJddQyLn8Ig3JB5CqoB9Q=
github.com/modern-go/reflect2 v1.0.2 h1:xBagoLtFs94CBntxluKeaWgTMpvLxC4ur3nMaC9Gz0M=
github.com/modern-go/reflect2 v1.0.2/go.mod h1:yWuevngMOJpCy52FWWMvUC8ws7m/LJsjYzDa0/r8luk=
github.com/montanaflynn/stats v0.7.1 h1:etflOAAHORrCC44V+aR6Ftzort912ZU+YLiSTuV8eaE=
github.com/montanaflynn/stats v0.7.1/go.mod h1:etXPPgVO6n31NxCd9KQUMvCM+ve0ruNzt6R8Bnaayow=
github.com/muesli/smartcrop v0.3.0 h1:JTlSkmxWg/oQ1TcLDoypuirdE8Y/jzNirQeLkxpA6Oc=
github.com/muesli/smartcrop v0.3.0/go.mod h1:i2fCI/UorTfgEpPPLWiFBv4pye+YAG78RwcQLUkocpI=
github.com/nfnt/resize v0.0.0-20180221191011-83c6a9932646 h1:zYyBkD/k9seD2A7fsi6Oo2LfFZAehjjQMERAvZLEDnQ=
github.com/nfnt/resize v0.0.0-20180221191011-83c6a9932646/go.mod h1:jpp1/29i3P1S/RLdc7JQKbRpFeM1dOBd8T9ki5s+AY8=
github.com/onsi/gomega v1.27.10 h1:naR28SdDFlqrG6kScpT8VWpu1xWY5nJRCF3XaYyBjhI=
github.com/onsi/gomega v1.27.10/go.mod h1:RsS8tutOdbdgzbPtzzATp12yT7kM5I5aElG3evPbQ0M=
github.com/pjbgf/sha1cd v0.3.0 h1:4D5XXmUUBUl/xQ6IjCkEAbqXskkq/4O7LmGn0AqMDs4=
github.com/pjbgf/sha1cd v0.3.0/go.mod h1:nZ1rrWOcGJ5uZgEEVL1VUM9iRQiZvWdbZjkKyFzPPsI=
github.com/pkg/browser v0.0.0-20240102092130-5ac0b6a4141c h1:+mdjkGKdHQG3305AYmdv1U2eRNDiU2ErMBj1gwrq8eQ=
github.com/pkg/browser v0.0.0-20240102092130-5ac0b6a4141c/go.mod h1:7rwL4CYBLnjLxUqIJNnCWiEdr3bn6IUYi15bNlnbCCU=
github.com/pkg/errors v0.8.1/go.mod h1:bwawxfHBFNV+L2hUp1rHADufV3IMtnDRdf1r5NINEl0=
github.com/pkg/errors v0.9.1 h1:FEBLx1zS214owpjy7qsBeixbURkuhQAwrK5UwLGTwt4=
github.com/pkg/errors v0.9.1/go.mod h1:bwawxfHBFNV+L2hUp1rHADufV3IMtnDRdf1r5NINEl0=
github.com/pkg/sftp v1.10.1/go.mod h1:lYOWFsE0bwd1+KfKJaKeuokY15vzFx25BLbzYYoAxZI=
github.com/pmezard/go-difflib v1.0.0/go.mod h1:iKH77koFhYxTK1pcRnkKkqfTogsbg7gZNVY4sRDYZ/4=
github.com/pmezard/go-difflib v1.0.1-0.20181226105442-5d4384ee4fb2 h1:Jamvg5psRIccs7FGNTlIRMkT8wgtp5eCXdBlqhYGL6U=
github.com/pmezard/go-difflib v1.0.1-0.20181226105442-5d4384ee4fb2/go.mod h1:iKH77koFhYxTK1pcRnkKkqfTogsbg7gZNVY4sRDYZ/4=
github.com/relvacode/iso8601 v1.4.0 h1:GsInVSEJfkYuirYFxa80nMLbH2aydgZpIf52gYZXUJs=
github.com/relvacode/iso8601 v1.4.0/go.mod h1:FlNp+jz+TXpyRqgmM7tnzHHzBnz776kmAH2h3sZCn0I=
github.com/rogpeppe/go-internal v1.12.0 h1:exVL4IDcn6na9z1rAb56Vxr+CgyK3nn3O+epU5NdKM8=
github.com/rogpeppe/go-internal v1.12.0/go.mod h1:E+RYuTGaKKdloAfM02xzb0FW3Paa99yedzYV+kq4uf4=
github.com/rs/xid v1.5.0/go.mod h1:trrq9SKmegXys3aeAKXMUTdJsYXVwGY3RLcfgqegfbg=
github.com/rs/zerolog v1.32.0 h1:keLypqrlIjaFsbmJOBdB/qvyF8KEtCWHwobLp5l/mQ0=
github.com/rs/zerolog v1.32.0/go.mod h1:/7mN4D5sKwJLZQ2b/znpjC3/GQWY/xaDXUM0kKWRHss=
github.com/rwcarlsen/goexif v0.0.0-20190401172101-9e8deecbddbd h1:CmH9+J6ZSsIjUK3dcGsnCnO41eRBOnY12zwkn5qVwgc=
github.com/rwcarlsen/goexif v0.0.0-20190401172101-9e8deecbddbd/go.mod h1:hPqNNc0+uJM6H+SuU8sEs5K5IQeKccPqeSjfgcKGgPk=
github.com/sergi/go-diff v1.3.2-0.20230802210424-5b0b94c5c0d3 h1:n661drycOFuPLCN3Uc8sB6B/s6Z4t2xvBgU1htSHuq8=
github.com/sergi/go-diff v1.3.2-0.20230802210424-5b0b94c5c0d3/go.mod h1:A0bzQcvG0E7Rwjx0REVgAGH58e96+X0MeOfepqsbeW4=
github.com/sirupsen/logrus v1.7.0/go.mod h1:yWOB1SBYBC5VeMP7gHvWumXLIWorT60ONWic61uBYv0=
github.com/skeema/knownhosts v1.2.2 h1:Iug2P4fLmDw9f41PB6thxUkNUkJzB5i+1/exaj40L3A=
github.com/skeema/knownhosts v1.2.2/go.mod h1:xYbVRSPxqBZFrdmDyMmsOs+uX1UZC3nTN3ThzgDxUwo=
github.com/spf13/afero v1.6.0/go.mod h1:Ai8FlHk4v/PARR026UzYexafAt9roJ7LcLMAmO6Z93I=
github.com/spf13/afero v1.11.0 h1:WJQKhtpdm3v2IzqG8VMqrr6Rf3UYpEF239Jy9wNepM8=
github.com/spf13/afero v1.11.0/go.mod h1:GH9Y3pIexgf1MTIWtNGyogA5MwRIDXGUr+hbWNoBjkY=
github.com/spf13/pflag v1.0.5 h1:iy+VFUOCP1a+8yFto/drg2CJ5u0yRoB7fZw3DKv/JXA=
github.com/spf13/pflag v1.0.5/go.mod h1:McXfInJRrz4CZXVZOBLb0bTZqETkiAhM9Iw0y3An2Bg=
github.com/stretchr/objx v0.1.0/go.mod h1:HFkY916IF+rwdDfMAkV7OtwuqBVzrE8GR6GFx+wExME=
github.com/stretchr/objx v0.5.2 h1:xuMeJ0Sdp5ZMRXx/aWO6RZxdr3beISkG5/G/aIRr3pY=
github.com/stretchr/objx v0.5.2/go.mod h1:FRsXN1f5AsAjCGJKqEizvkpNtU+EGNCLh3NxZ/8L+MA=
github.com/stretchr/testify v1.2.2/go.mod h1:a8OnRcib4nhh0OaRAV+Yts87kKdq0PP7pXfy6kDkUVs=
github.com/stretchr/testify v1.3.0/go.mod h1:M5WIy9Dh21IEIfnGCwXGc5bZfKNJtfHm1UVUgZn+9EI=
github.com/stretchr/testify v1.4.0/go.mod h1:j7eGeouHqKxXV5pUuKE4zz7dFj8WfuZ+81PSLYec5m4=
github.com/stretchr/testify v1.6.1/go.mod h1:6Fq8oRcR53rry900zMqJjRRixrwX3KX962/h/Wwjteg=
github.com/stretchr/testify v1.7.0/go.mod h1:6Fq8oRcR53rry900zMqJjRRixrwX3KX962/h/Wwjteg=
github.com/stretchr/testify v1.9.0 h1:HtqpIVDClZ4nwg75+f6Lvsy/wHu+3BoSGCbBAcpTsTg=
github.com/stretchr/testify v1.9.0/go.mod h1:r2ic/lqez/lEtzL7wO/rwa5dbSLXVDPFyf8C91i36aY=
github.com/tdewolff/minify/v2 v2.20.19 h1:tX0SR0LUrIqGoLjXnkIzRSIbKJ7PaNnSENLD4CyH6Xo=
github.com/tdewolff/minify/v2 v2.20.19/go.mod h1:ulkFoeAVWMLEyjuDz1ZIWOA31g5aWOawCFRp9R/MudM=
github.com/tdewolff/parse/v2 v2.7.12 h1:tgavkHc2ZDEQVKy1oWxwIyh5bP4F5fEh/JmBwPP/3LQ=
github.com/tdewolff/parse/v2 v2.7.12/go.mod h1:3FbJWZp3XT9OWVN3Hmfp0p/a08v4h8J9W1aghka0soA=
github.com/tdewolff/test v1.0.11-0.20231101010635-f1265d231d52/go.mod h1:6DAvZliBAAnD7rhVgwaM7DE5/d9NMOAJ09SqYqeK4QE=
github.com/tdewolff/test v1.0.11-0.20240106005702-7de5f7df4739 h1:IkjBCtQOOjIn03u/dMQK9g+Iw9ewps4mCl1nB8Sscbo=
github.com/tdewolff/test v1.0.11-0.20240106005702-7de5f7df4739/go.mod h1:XPuWBzvdUzhCuxWO1ojpXsyzsA5bFoS3tO/Q3kFuTG8=
github.com/timewasted/go-accept-headers v0.0.0-20130320203746-c78f304b1b09 h1:QVxbx5l/0pzciWYOynixQMtUhPYC3YKD6EcUlOsgGqw=
github.com/timewasted/go-accept-headers v0.0.0-20130320203746-c78f304b1b09/go.mod h1:Uy/Rnv5WKuOO+PuDhuYLEpUiiKIZtss3z519uk67aF0=
github.com/tomnomnom/linkheader v0.0.0-20180905144013-02ca5825eb80 h1:nrZ3ySNYwJbSpD6ce9duiP+QkD3JuLCcWkdaehUS/3Y=
github.com/tomnomnom/linkheader v0.0.0-20180905144013-02ca5825eb80/go.mod h1:iFyPdL66DjUD96XmzVL3ZntbzcflLnznH0fr99w5VqE=
github.com/toorop/go-dkim v0.0.0-20201103131630-e1cd1a0a5208/go.mod h1:BzWtXXrXzZUvMacR0oF/fbDDgUPO8L36tDMmRAf14ns=
github.com/toorop/go-dkim v0.0.0-20240103092955-90b7d1423f92 h1:flbMkdl6HxQkLs6DDhH1UkcnFpNBOu70391STjMS0O4=
github.com/toorop/go-dkim v0.0.0-20240103092955-90b7d1423f92/go.mod h1:BzWtXXrXzZUvMacR0oF/fbDDgUPO8L36tDMmRAf14ns=
github.com/valyala/bytebufferpool v1.0.0 h1:GqA5TC/0021Y/b9FG4Oi9Mr3q7XYx6KllzawFIhcdPw=
github.com/valyala/bytebufferpool v1.0.0/go.mod h1:6bBcMArwyJ5K/AmCkWv1jt77kVWyCJ6HpOuEn7z0Csc=
github.com/valyala/fasttemplate v1.2.2 h1:lxLXG0uE3Qnshl9QyaK6XJxMXlQZELvChBOCmQD0Loo=
github.com/valyala/fasttemplate v1.2.2/go.mod h1:KHLXt3tVN2HBp8eijSv/kGJopbvo7S+qRAEEKiv+SiQ=
github.com/wsxiaoys/terminal v0.0.0-20160513160801-0940f3fc43a0/go.mod h1:IXCdmsXIht47RaVFLEdVnh1t+pgYtTAhQGj73kz+2DM=
github.com/xanzy/ssh-agent v0.3.3 h1:+/15pJfg/RsTxqYcX6fHqOXZwwMP+2VyYWJeWM2qQFM=
github.com/xanzy/ssh-agent v0.3.3/go.mod h1:6dzNDKs0J9rVPHPhaGCukekBHKqfl+L3KghI1Bc68Uw=
github.com/xdg-go/pbkdf2 v1.0.0 h1:Su7DPu48wXMwC3bs7MCNG+z4FhcyEuz5dlvchbq0B0c=
github.com/xdg-go/pbkdf2 v1.0.0/go.mod h1:jrpuAogTd400dnrH08LKmI/xc1MbPOebTwRqcT5RDeI=
github.com/xdg-go/scram v1.1.2 h1:FHX5I5B4i4hKRVRBCFRxq1iQRej7WO3hhBuJf+UUySY=
github.com/xdg-go/scram v1.1.2/go.mod h1:RT/sEzTbU5y00aCK8UOx6R7YryM0iF1N2MOmC3kKLN4=
github.com/xdg-go/stringprep v1.0.4 h1:XLI/Ng3O1Atzq0oBs3TWm+5ZVgkq2aqdlvP9JtoZ6c8=
github.com/xdg-go/stringprep v1.0.4/go.mod h1:mPGuuIYwz7CmR2bT9j4GbQqutWS1zV24gijq1dTyGkM=
github.com/xhit/go-simple-mail/v2 v2.16.0 h1:ouGy/Ww4kuaqu2E2UrDw7SvLaziWTB60ICLkIkNVccA=
github.com/xhit/go-simple-mail/v2 v2.16.0/go.mod h1:b7P5ygho6SYE+VIqpxA6QkYfv4teeyG4MKqB3utRu98=
github.com/yeqown/go-qrcode/v2 v2.2.3 h1:TmjbOtHk8KrcjYok3/rudmd0hiMHODU1u0nZ/jf+baw=
github.com/yeqown/go-qrcode/v2 v2.2.3/go.mod h1:uHpt9CM0V1HeXLz+Wg5MN50/sI/fQhfkZlOM+cOTHxw=
github.com/yeqown/go-qrcode/writer/standard v1.2.3 h1:3v9jE7MaxKHIC6+/9aZIfzC8OIAZRQT+FNiKEQxD65w=
github.com/yeqown/go-qrcode/writer/standard v1.2.3/go.mod h1:H8nLSGYUWBpNyBPjDcJzAanMzYBBYMFtrU2lwoSRn+k=
github.com/yeqown/reedsolomon v1.0.0 h1:x1h/Ej/uJnNu8jaX7GLHBWmZKCAWjEJTetkqaabr4B0=
github.com/yeqown/reedsolomon v1.0.0/go.mod h1:P76zpcn2TCuL0ul1Fso373qHRc69LKwAw/Iy6g1WiiM=
github.com/youmark/pkcs8 v0.0.0-20201027041543-1326539a0a0a h1:fZHgsYlfvtyqToslyjUt3VOPF4J7aK/3MPcK7xp3PDk=
github.com/youmark/pkcs8 v0.0.0-20201027041543-1326539a0a0a/go.mod h1:ul22v+Nro/R083muKhosV54bj5niojjWZvU8xrevuH4=
github.com/yuin/goldmark v1.4.13/go.mod h1:6yULJ656Px+3vBD8DxQVa3kxgyrAnzto9xy5taEt/CY=
github.com/yuin/goldmark v1.4.15/go.mod h1:6yULJ656Px+3vBD8DxQVa3kxgyrAnzto9xy5taEt/CY=
github.com/yuin/goldmark v1.7.1 h1:3bajkSilaCbjdKVsKdZjZCLBNPL9pYzrCakKaf4U49U=
github.com/yuin/goldmark v1.7.1/go.mod h1:uzxRWxtg69N339t3louHJ7+O03ezfj6PlliRlaOzY1E=
github.com/yuin/goldmark-highlighting/v2 v2.0.0-20230729083705-37449abec8cc h1:+IAOyRda+RLrxa1WC7umKOZRsGq4QrFFMYApOeHzQwQ=
github.com/yuin/goldmark-highlighting/v2 v2.0.0-20230729083705-37449abec8cc/go.mod h1:ovIvrum6DQJA4QsJSovrkC4saKHQVs7TvcaeO8AIl5I=
go.mongodb.org/mongo-driver v1.14.0 h1:P98w8egYRjYe3XDjxhYJagTokP/H6HzlsnojRgZRd80=
go.mongodb.org/mongo-driver v1.14.0/go.mod h1:Vzb0Mk/pa7e6cWw85R4F/endUC3u0U9jGcNU603k65c=
golang.org/x/crypto v0.0.0-20190308221718-c2843e01d9a2/go.mod h1:djNgcEr1/C05ACkg1iLfiJU5Ep61QUkGW8qpdssI0+w=
golang.org/x/crypto v0.0.0-20190820162420-60c769a6c586/go.mod h1:yigFU9vqHzYiE8UmvKecakEJjdnWj3jj499lnFckfCI=
golang.org/x/crypto v0.0.0-20200302210943-78000ba7a073/go.mod h1:LzIPMQfyMNhhGPhUkYOs5KpL4U8rLKemX1yGLhDgUto=
golang.org/x/crypto v0.0.0-20210921155107-089bfa567519/go.mod h1:GvvjBRRGRdwPK5ydBHafDWAxML/pGHZbMvKqRZ5+Abc=
golang.org/x/crypto v0.0.0-20220622213112-05595931fe9d/go.mod h1:IxCIyHEi3zRg3s0A5j5BB6A9Jmi73HwBIUl50j+osU4=
golang.org/x/crypto v0.3.1-0.20221117191849-2c476679df9a/go.mod h1:hebNnKkNXi2UzZN1eVRvBB7co0a+JxK6XbPiWVs/3J4=
golang.org/x/crypto v0.7.0/go.mod h1:pYwdfH91IfpZVANVyUOhSIPZaFoJGxTFbZhFTx+dXZU=
golang.org/x/crypto v0.22.0 h1:g1v0xeRhjcugydODzvb3mEM9SQ0HGp9s/nh3COQ/C30=
golang.org/x/crypto v0.22.0/go.mod h1:vr6Su+7cTlO45qkww3VDJlzDn0ctJvRgYbC2NvXHt+M=
golang.org/x/exp v0.0.0-20240404231335-c0f41cb1a7a0 h1:985EYyeCOxTpcgOTJpflJUwOeEz0CQOdPt73OzpE9F8=
golang.org/x/exp v0.0.0-20240404231335-c0f41cb1a7a0/go.mod h1:/lliqkxwWAhPjf5oSOIJup2XcqJaw8RGS6k3TGEc7GI=
golang.org/x/image v0.0.0-20191009234506-e7c1f5e7dbb8/go.mod h1:FeLwcggjj3mMvU+oOTbSwawSJRM1uh48EjtB4UJZlP0=
golang.org/x/image v0.15.0 h1:kOELfmgrmJlw4Cdb7g/QGuB3CvDrXbqEIww/pNtNBm8=
golang.org/x/image v0.15.0/go.mod h1:HUYqC05R2ZcZ3ejNQsIHQDQiwWM4JBqmm6MKANTp4LE=
golang.org/x/mod v0.6.0-dev.0.20220419223038-86c51ed26bb4/go.mod h1:jJ57K6gSWd91VN4djpZkiMVwK6gcyfeH4XE8wZrZaV4=
golang.org/x/mod v0.8.0/go.mod h1:iBbtSCu2XBx23ZKBPSOrRkjjQPZFPuis4dIYUhu/chs=
golang.org/x/mod v0.17.0 h1:zY54UmvipHiNd+pm+m0x9KhZ9hl1/7QNMyxXbc6ICqA=
golang.org/x/mod v0.17.0/go.mod h1:hTbmBsO62+eylJbnUtE2MGJUyE7QWk4xUqPFrRgJ+7c=
golang.org/x/net v0.0.0-20190404232315-eb5bcb51f2a3/go.mod h1:t9HGtf8HONx5eT2rtn7q6eTqICYqUVnKs3thJo3Qplg=
golang.org/x/net v0.0.0-20190620200207-3b0461eec859/go.mod h1:z5CRVTTTmAJ677TzLLGU+0bjPO0LkuOLi4/5GtJWs/s=
golang.org/x/net v0.0.0-20210226172049-e18ecbb05110/go.mod h1:m0MpNAwzfU5UDzcl9v0D8zg8gWTRqZa9RBIspLL5mdg=
golang.org/x/net v0.0.0-20210614182718-04defd469f4e/go.mod h1:9nx3DQGgdP8bBQD5qxJ1jj9UTztislL4KSBs9R2vV5Y=
golang.org/x/net v0.0.0-20210916014120-12bc252f5db8/go.mod h1:9nx3DQGgdP8bBQD5qxJ1jj9UTztislL4KSBs9R2vV5Y=
golang.org/x/net v0.0.0-20211020060615-d418f374d309/go.mod h1:9nx3DQGgdP8bBQD5qxJ1jj9UTztislL4KSBs9R2vV5Y=
golang.org/x/net v0.0.0-20211112202133-69e39bad7dc2/go.mod h1:9nx3DQGgdP8bBQD5qxJ1jj9UTztislL4KSBs9R2vV5Y=
golang.org/x/net v0.0.0-20220520000938-2e3eb7b945c2/go.mod h1:CfG3xpIq0wQ8r1q4Su4UZFWDARRcnwPjda9FqA0JpMk=
golang.org/x/net v0.0.0-20220722155237-a158d28d115b/go.mod h1:XRhObCWvk6IyKnWLug+ECip1KBveYUHfp+8e9klMJ9c=
golang.org/x/net v0.2.0/go.mod h1:KqCZLdyyvdV855qA2rE3GC2aiw5xGR5TEjj8smXukLY=
golang.org/x/net v0.6.0/go.mod h1:2Tu9+aMcznHK/AK1HMvgo6xiTLG5rD5rZLDS+rp2Bjs=
golang.org/x/net v0.8.0/go.mod h1:QVkue5JL9kW//ek3r6jTKnTFis1tRmNAW2P1shuFdJc=
golang.org/x/net v0.9.0/go.mod h1:d48xBJpPfHeWQsugry2m+kC02ZBRGRgulfHnEXEuWns=
golang.org/x/net v0.24.0 h1:1PcaxkF854Fu3+lvBIx5SYn9wRlBzzcnHZSiaFFAb0w=
golang.org/x/net v0.24.0/go.mod h1:2Q7sJY5mzlzWjKtYUEXSlBWCdyaioyXzRB2RtU8KVE8=
golang.org/x/oauth2 v0.19.0 h1:9+E/EZBCbTLNrbN35fHv/a/d/mOBatymz1zbtQrXpIg=
golang.org/x/oauth2 v0.19.0/go.mod h1:vYi7skDa1x015PmRRYZ7+s1cWyPgrPiSYRe4rnsexc8=
golang.org/x/sync v0.0.0-20190423024810-112230192c58/go.mod h1:RxMgew5VJxzue5/jJTE5uejpjVlOe/izrB70Jof72aM=
golang.org/x/sync v0.0.0-20220722155255-886fb9371eb4/go.mod h1:RxMgew5VJxzue5/jJTE5uejpjVlOe/izrB70Jof72aM=
golang.org/x/sync v0.1.0/go.mod h1:RxMgew5VJxzue5/jJTE5uejpjVlOe/izrB70Jof72aM=
golang.org/x/sync v0.7.0 h1:YsImfSBoP9QPYL0xyKJPq0gcaJdG3rInoqxTWbfQu9M=
golang.org/x/sync v0.7.0/go.mod h1:Czt+wKu1gCyEFDUtn0jG5QVvpJ6rzVqr5aXyt9drQfk=
golang.org/x/sys v0.0.0-20190215142949-d0b11bdaac8a/go.mod h1:STP8DvDyc/dI5b8T5hshtkjS+E42TnysNCUPdjciGhY=
golang.org/x/sys v0.0.0-20190412213103-97732733099d/go.mod h1:h1NjWce9XRLGQEsW7wpKNCjG9DtNlClVuFLEZdDNbEs=
golang.org/x/sys v0.0.0-20191026070338-33540a1f6037/go.mod h1:h1NjWce9XRLGQEsW7wpKNCjG9DtNlClVuFLEZdDNbEs=
golang.org/x/sys v0.0.0-20201119102817-f84b799fce68/go.mod h1:h1NjWce9XRLGQEsW7wpKNCjG9DtNlClVuFLEZdDNbEs=
golang.org/x/sys v0.0.0-20210124154548-22da62e12c0c/go.mod h1:h1NjWce9XRLGQEsW7wpKNCjG9DtNlClVuFLEZdDNbEs=
golang.org/x/sys v0.0.0-20210423082822-04245dca01da/go.mod h1:h1NjWce9XRLGQEsW7wpKNCjG9DtNlClVuFLEZdDNbEs=
golang.org/x/sys v0.0.0-20210615035016-665e8c7367d1/go.mod h1:oPkhp1MJrh7nUepCBck5+mAzfO9JrbApNNgaTdGDITg=
golang.org/x/sys v0.0.0-20211216021012-1d35b9e2eb4e/go.mod h1:oPkhp1MJrh7nUepCBck5+mAzfO9JrbApNNgaTdGDITg=
golang.org/x/sys v0.0.0-20220520151302-bc2c85ada10a/go.mod h1:oPkhp1MJrh7nUepCBck5+mAzfO9JrbApNNgaTdGDITg=
golang.org/x/sys v0.0.0-20220715151400-c0bba94af5f8/go.mod h1:oPkhp1MJrh7nUepCBck5+mAzfO9JrbApNNgaTdGDITg=
golang.org/x/sys v0.0.0-20220722155257-8c9f86f7a55f/go.mod h1:oPkhp1MJrh7nUepCBck5+mAzfO9JrbApNNgaTdGDITg=
golang.org/x/sys v0.0.0-20220811171246-fbc7d0a398ab/go.mod h1:oPkhp1MJrh7nUepCBck5+mAzfO9JrbApNNgaTdGDITg=
golang.org/x/sys v0.1.0/go.mod h1:oPkhp1MJrh7nUepCBck5+mAzfO9JrbApNNgaTdGDITg=
golang.org/x/sys v0.2.0/go.mod h1:oPkhp1MJrh7nUepCBck5+mAzfO9JrbApNNgaTdGDITg=
golang.org/x/sys v0.3.0/go.mod h1:oPkhp1MJrh7nUepCBck5+mAzfO9JrbApNNgaTdGDITg=
golang.org/x/sys v0.5.0/go.mod h1:oPkhp1MJrh7nUepCBck5+mAzfO9JrbApNNgaTdGDITg=
golang.org/x/sys v0.6.0/go.mod h1:oPkhp1MJrh7nUepCBck5+mAzfO9JrbApNNgaTdGDITg=
golang.org/x/sys v0.7.0/go.mod h1:oPkhp1MJrh7nUepCBck5+mAzfO9JrbApNNgaTdGDITg=
golang.org/x/sys v0.12.0/go.mod h1:oPkhp1MJrh7nUepCBck5+mAzfO9JrbApNNgaTdGDITg=
golang.org/x/sys v0.19.0 h1:q5f1RH2jigJ1MoAWp2KTp3gm5zAGFUTarQZ5U386+4o=
golang.org/x/sys v0.19.0/go.mod h1:/VUhepiaJMQUp4+oa/7Zr1D23ma6VTLIYjOOTFZPUcA=
golang.org/x/term v0.0.0-20201126162022-7de9c90e9dd1/go.mod h1:bj7SfCRtBDWHUb9snDiAeCFNEtKQo2Wmx5Cou7ajbmo=
golang.org/x/term v0.0.0-20210927222741-03fcf44c2211/go.mod h1:jbD1KX2456YbFQfuXm/mYQcufACuNUgVhRMnK/tPxf8=
golang.org/x/term v0.2.0/go.mod h1:TVmDHMZPmdnySmBfhjOoOdhjzdE1h4u1VwSiw2l1Nuc=
golang.org/x/term v0.5.0/go.mod h1:jMB1sMXY+tzblOD4FWmEbocvup2/aLOaQEp7JmGp78k=
golang.org/x/term v0.6.0/go.mod h1:m6U89DPEgQRMq3DNkDClhWw02AUbt2daBVO4cn4Hv9U=
golang.org/x/term v0.7.0/go.mod h1:P32HKFT3hSsZrRxla30E9HqToFYAQPCMs/zFMBUFqPY=
golang.org/x/term v0.19.0 h1:+ThwsDv+tYfnJFhF4L8jITxu1tdTWRTZpdsWgEgjL6Q=
golang.org/x/term v0.19.0/go.mod h1:2CuTdWZ7KHSQwUzKva0cbMg6q2DMI3Mmxp+gKJbskEk=
golang.org/x/text v0.3.0/go.mod h1:NqM8EUOU14njkJ3fqMW+pc6Ldnwhi/IjpwHt7yyuwOQ=
golang.org/x/text v0.3.3/go.mod h1:5Zoc/QRtKVWzQhOtBMvqHzDpF6irO9z98xDceosuGiQ=
golang.org/x/text v0.3.6/go.mod h1:5Zoc/QRtKVWzQhOtBMvqHzDpF6irO9z98xDceosuGiQ=
golang.org/x/text v0.3.7/go.mod h1:u+2+/6zg+i71rQMx5EYifcz6MCKuco9NR6JIITiCfzQ=
golang.org/x/text v0.3.8/go.mod h1:E6s5w1FMmriuDzIBO73fBruAKo1PCIq6d2Q6DHfQ8WQ=
golang.org/x/text v0.4.0/go.mod h1:mrYo+phRRbMaCq/xk9113O4dZlRixOauAjOtrjsXDZ8=
golang.org/x/text v0.7.0/go.mod h1:mrYo+phRRbMaCq/xk9113O4dZlRixOauAjOtrjsXDZ8=
golang.org/x/text v0.8.0/go.mod h1:e1OnstbJyHTd6l/uOt8jFFHp6TRDWZR/bV3emEE/zU8=
golang.org/x/text v0.9.0/go.mod h1:e1OnstbJyHTd6l/uOt8jFFHp6TRDWZR/bV3emEE/zU8=
golang.org/x/text v0.14.0 h1:ScX5w1eTa3QqT8oi6+ziP7dTV1S2+ALU0bI+0zXKWiQ=
golang.org/x/text v0.14.0/go.mod h1:18ZOQIKpY8NJVqYksKHtTdi31H5itFRjB5/qKTNYzSU=
golang.org/x/time v0.5.0 h1:o7cqy6amK/52YcAKIPlM3a+Fpj35zvRj2TP+e1xFSfk=
golang.org/x/time v0.5.0/go.mod h1:3BpzKBy/shNhVucY/MWOyx10tF3SFh9QdLuxbVysPQM=
golang.org/x/tools v0.0.0-20180917221912-90fa682c2a6e/go.mod h1:n7NCudcB/nEzxVGmLbDWY5pfWTLqBcC2KZ6jyYvM4mQ=
golang.org/x/tools v0.0.0-20191119224855-298f0cb1881e/go.mod h1:b+2E5dAYhXwXZwtnZ6UAqBI28+e2cm9otk0dWdXHAEo=
golang.org/x/tools v0.1.12/go.mod h1:hNGJHUnrk76NpqgfD5Aqm5Crs+Hm0VOH/i9J2+nxYbc=
golang.org/x/tools v0.6.0/go.mod h1:Xwgl3UAJ/d3gWutnCtw505GrjyAbvKui8lOU390QaIU=
golang.org/x/tools v0.20.0 h1:hz/CVckiOxybQvFw6h7b/q80NTr9IUQb4s1IIzW7KNY=
golang.org/x/tools v0.20.0/go.mod h1:WvitBU7JJf6A4jOdg4S1tviW9bhUxkgeCui/0JHctQg=
golang.org/x/xerrors v0.0.0-20190717185122-a985d3407aa7/go.mod h1:I/5z698sn9Ka8TeJc9MKroUUfqBBauWjQqLJ2OPfmY0=
golang.org/x/xerrors v0.0.0-20191204190536-9bdfabe68543/go.mod h1:I/5z698sn9Ka8TeJc9MKroUUfqBBauWjQqLJ2OPfmY0=
gopkg.in/check.v1 v0.0.0-20161208181325-20d25e280405/go.mod h1:Co6ibVJAznAaIkqp8huTwlJQCZ016jof/cbN4VW5Yz0=
gopkg.in/check.v1 v1.0.0-20190902080502-41f04d3bba15/go.mod h1:Co6ibVJAznAaIkqp8huTwlJQCZ016jof/cbN4VW5Yz0=
gopkg.in/check.v1 v1.0.0-20201130134442-10cb98267c6c h1:Hei/4ADfdWqJk1ZMxUNpqntNwaWcugrBjAiHlqqRiVk=
gopkg.in/check.v1 v1.0.0-20201130134442-10cb98267c6c/go.mod h1:JHkPIbrfpd72SG/EVd6muEfDQjcINNoR0C8j2r3qZ4Q=
gopkg.in/warnings.v0 v0.1.2 h1:wFXVbFY8DY5/xOe1ECiWdKCzZlxgshcYVNkBHstARME=
gopkg.in/warnings.v0 v0.1.2/go.mod h1:jksf8JmL6Qr/oQM2OXTHunEvvTAsrWBLb6OOjuVWRNI=
gopkg.in/yaml.v2 v2.2.2/go.mod h1:hI93XBmqTisBFMUTm0b8Fm+jr3Dg1NNxqwp+5A1VGuI=
gopkg.in/yaml.v2 v2.2.8/go.mod h1:hI93XBmqTisBFMUTm0b8Fm+jr3Dg1NNxqwp+5A1VGuI=
gopkg.in/yaml.v2 v2.4.0 h1:D8xgwECY7CYvx+Y2n4sBz93Jn9JRvxdiyyo8CTfuKaY=
gopkg.in/yaml.v2 v2.4.0/go.mod h1:RDklbk79AGWmwhnvt/jBztapEOGDOx6ZbXqjP6csGnQ=
gopkg.in/yaml.v3 v3.0.0-20200313102051-9f266ea9e77c/go.mod h1:K4uyk7z7BCEPqu6E+C64Yfv1cQ7kz7rIZviUmN+EgEM=
gopkg.in/yaml.v3 v3.0.1 h1:fxVm/GzAzEWqLHuvctI91KS9hhNmmWOoWu0XTYJS7CA=
gopkg.in/yaml.v3 v3.0.1/go.mod h1:K4uyk7z7BCEPqu6E+C64Yfv1cQ7kz7rIZviUmN+EgEM=
willnorris.com/go/microformats v1.2.0 h1:73pzJCLJM69kYE5qsLI9OOC/7sImNVOzya9EQ0+1wmM=
willnorris.com/go/microformats v1.2.0/go.mod h1:RrlwCSvib4qz+JICKiN7rON4phzQ3HAT7j6s4O2cZj4=
willnorris.com/go/webmention v0.0.0-20220108183051-4a23794272f0 h1:V5+O+YZHchEwu6ZmPcqT1dQ+mHgE356Q+w9SVOQ+QZg=
willnorris.com/go/webmention v0.0.0-20220108183051-4a23794272f0/go.mod h1:DgeruqKIsZtcDXVXNbBHa0YYEm88oAnK7PahkDtuCvw=
